
Microsoft Visual Studio Solution File, Format Version 12.00
# Visual Studio Version 17
VisualStudioVersion = 17.8.34525.116
MinimumVisualStudioVersion = 10.0.40219.1
Project("{9A19103F-16F7-4668-BE54-9A1E7A4F7556}") = "AccountManagement", "AccountManagement.csproj", "{D5EB0CF2-262A-435C-AC1D-004D3E0E3AE1}"
EndProject
Global
	GlobalSection(SolutionConfigurationPlatforms) = preSolution
		Debug|Any CPU = Debug|Any CPU
		Release|Any CPU = Release|Any CPU
	EndGlobalSection
	GlobalSection(ProjectConfigurationPlatforms) = postSolution
		{D5EB0CF2-262A-435C-AC1D-004D3E0E3AE1}.Debug|Any CPU.ActiveCfg = Debug|Any CPU
		{D5EB0CF2-262A-435C-AC1D-004D3E0E3AE1}.Debug|Any CPU.Build.0 = Debug|Any CPU
		{D5EB0CF2-262A-435C-AC1D-004D3E0E3AE1}.Release|Any CPU.ActiveCfg = Release|Any CPU
		{D5EB0CF2-262A-435C-AC1D-004D3E0E3AE1}.Release|Any CPU.Build.0 = Release|Any CPU
	EndGlobalSection
	GlobalSection(SolutionProperties) = preSolution
		HideSolutionNode = FALSE
	EndGlobalSection
	GlobalSection(ExtensibilityGlobals) = postSolution
		SolutionGuid = {178A3B97-9BDA-4B6D-ADDA-6A8066CE2B3A}
	EndGlobalSection
EndGlobal
